
Microsoft Visual Studio Solution File, Format Version 12.00
# Visual Studio Version 17
VisualStudioVersion = 17.14.36717.8 d17.14
MinimumVisualStudioVersion = 10.0.40219.1
Project("{FAE04EC0-301F-11D3-BF4B-00C04F79EFBC}") = "TicTacToe", "TicTacToe\TicTacToe.csproj", "{B6D23F01-7666-42A1-9CAE-6F0008769DE2}"
EndProject
Global
	GlobalSection(SolutionConfigurationPlatforms) = preSolution
		Debug|Any CPU = Debug|Any CPU
		Release|Any CPU = Release|Any CPU
	EndGlobalSection
	GlobalSection(ProjectConfigurationPlatforms) = postSolution
		{B6D23F01-7666-42A1-9CAE-6F0008769DE2}.Debug|Any CPU.ActiveCfg = Debug|Any CPU
		{B6D23F01-7666-42A1-9CAE-6F0008769DE2}.Debug|Any CPU.Build.0 = Debug|Any CPU
		{B6D23F01-7666-42A1-9CAE-6F0008769DE2}.Release|Any CPU.ActiveCfg = Release|Any CPU
		{B6D23F01-7666-42A1-9CAE-6F0008769DE2}.Release|Any CPU.Build.0 = Release|Any CPU
	EndGlobalSection
	GlobalSection(SolutionProperties) = preSolution
		HideSolutionNode = FALSE
	EndGlobalSection
	GlobalSection(ExtensibilityGlobals) = postSolution
		SolutionGuid = {0C3D7ED3-0629-4E41-A2FA-5587382D9129}
	EndGlobalSection
EndGlobal
